
Microsoft Visual Studio Solution File, Format Version 12.00
# Visual Studio 14
VisualStudioVersion = 14.0.25420.1
MinimumVisualStudioVersion = 10.0.40219.1
Project("{FAE04EC0-301F-11D3-BF4B-00C04F79EFBC}") = "AplazameSDK", "AplazameSDK\AplazameSDK.csproj", "{83E472B3-C0DD-438D-826D-EC29D0A1B2EE}"
EndProject
Project("{FAE04EC0-301F-11D3-BF4B-00C04F79EFBC}") = "AplazameSDKTest", "AplazameSDKTest\AplazameSDKTest.csproj", "{41BFDAAA-D5DB-48C2-A024-FF68A1619CC9}"
	ProjectSection(ProjectDependencies) = postProject
		{83E472B3-C0DD-438D-826D-EC29D0A1B2EE} = {83E472B3-C0DD-438D-826D-EC29D0A1B2EE}
	EndProjectSection
EndProject
Global
	GlobalSection(SolutionConfigurationPlatforms) = preSolution
		Debug|Any CPU = Debug|Any CPU
		Release|Any CPU = Release|Any CPU
	EndGlobalSection
	GlobalSection(ProjectConfigurationPlatforms) = postSolution
		{83E472B3-C0DD-438D-826D-EC29D0A1B2EE}.Debug|Any CPU.ActiveCfg = Debug|Any CPU
		{83E472B3-C0DD-438D-826D-EC29D0A1B2EE}.Debug|Any CPU.Build.0 = Debug|Any CPU
		{83E472B3-C0DD-438D-826D-EC29D0A1B2EE}.Release|Any CPU.ActiveCfg = Release|Any CPU
		{83E472B3-C0DD-438D-826D-EC29D0A1B2EE}.Release|Any CPU.Build.0 = Release|Any CPU
		{41BFDAAA-D5DB-48C2-A024-FF68A1619CC9}.Debug|Any CPU.ActiveCfg = Debug|Any CPU
		{41BFDAAA-D5DB-48C2-A024-FF68A1619CC9}.Debug|Any CPU.Build.0 = Debug|Any CPU
		{41BFDAAA-D5DB-48C2-A024-FF68A1619CC9}.Release|Any CPU.ActiveCfg = Release|Any CPU
		{41BFDAAA-D5DB-48C2-A024-FF68A1619CC9}.Release|Any CPU.Build.0 = Release|Any CPU
	EndGlobalSection
	GlobalSection(SolutionProperties) = preSolution
		HideSolutionNode = FALSE
	EndGlobalSection
EndGlobal
